
Microsoft Visual Studio Solution File, Format Version 12.00
# Visual Studio Version 17
VisualStudioVersion = 17.0.31903.59
MinimumVisualStudioVersion = 10.0.40219.1
Project("{2150E333-8FDC-42A3-9474-1A3956D46DE8}") = "src", "src", "{6911665D-3722-4EB9-80AF-B1BD8879F716}"
EndProject
Project("{FAE04EC0-301F-11D3-BF4B-00C04F79EFBC}") = "Library", "src\Library\Library.csproj", "{4A0C5636-61EB-4E2C-BEC0-C11B00AE58DA}"
EndProject
Project("{FAE04EC0-301F-11D3-BF4B-00C04F79EFBC}") = "Program", "src\Program\Program.csproj", "{3CAC7E42-D21F-4DAF-892E-D8C78374FF0A}"
EndProject
Project("{2150E333-8FDC-42A3-9474-1A3956D46DE8}") = "test", "test", "{D075D4F2-EA1A-4C97-8C8C-8B0F67AFCDE4}"
EndProject
Project("{FAE04EC0-301F-11D3-BF4B-00C04F79EFBC}") = "Library.Tests", "test\Library.Tests\Library.Tests.csproj", "{3B598E9E-B1BE-48E6-96EE-356F9BA98B79}"
EndProject
Global
	GlobalSection(SolutionConfigurationPlatforms) = preSolution
		Debug|Any CPU = Debug|Any CPU
		Release|Any CPU = Release|Any CPU
	EndGlobalSection
	GlobalSection(SolutionProperties) = preSolution
		HideSolutionNode = FALSE
	EndGlobalSection
	GlobalSection(ProjectConfigurationPlatforms) = postSolution
		{4A0C5636-61EB-4E2C-BEC0-C11B00AE58DA}.Debug|Any CPU.ActiveCfg = Debug|Any CPU
		{4A0C5636-61EB-4E2C-BEC0-C11B00AE58DA}.Debug|Any CPU.Build.0 = Debug|Any CPU
		{4A0C5636-61EB-4E2C-BEC0-C11B00AE58DA}.Release|Any CPU.ActiveCfg = Release|Any CPU
		{4A0C5636-61EB-4E2C-BEC0-C11B00AE58DA}.Release|Any CPU.Build.0 = Release|Any CPU
		{3CAC7E42-D21F-4DAF-892E-D8C78374FF0A}.Debug|Any CPU.ActiveCfg = Debug|Any CPU
		{3CAC7E42-D21F-4DAF-892E-D8C78374FF0A}.Debug|Any CPU.Build.0 = Debug|Any CPU
		{3CAC7E42-D21F-4DAF-892E-D8C78374FF0A}.Release|Any CPU.ActiveCfg = Release|Any CPU
		{3CAC7E42-D21F-4DAF-892E-D8C78374FF0A}.Release|Any CPU.Build.0 = Release|Any CPU
		{3B598E9E-B1BE-48E6-96EE-356F9BA98B79}.Debug|Any CPU.ActiveCfg = Debug|Any CPU
		{3B598E9E-B1BE-48E6-96EE-356F9BA98B79}.Debug|Any CPU.Build.0 = Debug|Any CPU
		{3B598E9E-B1BE-48E6-96EE-356F9BA98B79}.Release|Any CPU.ActiveCfg = Release|Any CPU
		{3B598E9E-B1BE-48E6-96EE-356F9BA98B79}.Release|Any CPU.Build.0 = Release|Any CPU
	EndGlobalSection
	GlobalSection(NestedProjects) = preSolution
		{4A0C5636-61EB-4E2C-BEC0-C11B00AE58DA} = {6911665D-3722-4EB9-80AF-B1BD8879F716}
		{3CAC7E42-D21F-4DAF-892E-D8C78374FF0A} = {6911665D-3722-4EB9-80AF-B1BD8879F716}
		{3B598E9E-B1BE-48E6-96EE-356F9BA98B79} = {D075D4F2-EA1A-4C97-8C8C-8B0F67AFCDE4}
	EndGlobalSection
EndGlobal
